
Microsoft Visual Studio Solution File, Format Version 12.00
# Visual Studio Version 17
VisualStudioVersion = 17.8.34330.188
MinimumVisualStudioVersion = 10.0.40219.1
Project("{FAE04EC0-301F-11D3-BF4B-00C04F79EFBC}") = "GoatLauncher", "GoatLauncher.csproj", "{1C7CFCDE-20EE-4600-B0E0-C2C011220E6D}"
EndProject
Global
	GlobalSection(SolutionConfigurationPlatforms) = preSolution
		Debug|Any CPU = Debug|Any CPU
		Debug|x64 = Debug|x64
		Release|Any CPU = Release|Any CPU
		Release|x64 = Release|x64
	EndGlobalSection
	GlobalSection(ProjectConfigurationPlatforms) = postSolution
		{1C7CFCDE-20EE-4600-B0E0-C2C011220E6D}.Debug|Any CPU.ActiveCfg = Debug|Any CPU
		{1C7CFCDE-20EE-4600-B0E0-C2C011220E6D}.Debug|Any CPU.Build.0 = Debug|Any CPU
		{1C7CFCDE-20EE-4600-B0E0-C2C011220E6D}.Debug|x64.ActiveCfg = Debug|x64
		{1C7CFCDE-20EE-4600-B0E0-C2C011220E6D}.Debug|x64.Build.0 = Debug|x64
		{1C7CFCDE-20EE-4600-B0E0-C2C011220E6D}.Release|Any CPU.ActiveCfg = Release|Any CPU
		{1C7CFCDE-20EE-4600-B0E0-C2C011220E6D}.Release|Any CPU.Build.0 = Release|Any CPU
		{1C7CFCDE-20EE-4600-B0E0-C2C011220E6D}.Release|x64.ActiveCfg = Release|x64
		{1C7CFCDE-20EE-4600-B0E0-C2C011220E6D}.Release|x64.Build.0 = Release|x64
	EndGlobalSection
	GlobalSection(SolutionProperties) = preSolution
		HideSolutionNode = FALSE
	EndGlobalSection
	GlobalSection(ExtensibilityGlobals) = postSolution
		SolutionGuid = {DFF79013-AB63-47B6-8B43-75CC3C33C3EE}
	EndGlobalSection
EndGlobal
